// !\$*UTF8*\$!
{
  archiveVersion = 1;
  classes = {
  };
  objectVersion = 54;
  objects = {

/* Begin PBXBuildFile section */
    1234567890ABCDEF12345678 /* Tweak.m in Sources */ = {isa = PBXBuildFile; fileRef = 1234567890ABCDEF12345679 /* Tweak.m */; };
/* End PBXBuildFile section */

/* Begin PBXFileReference section */
    1234567890ABCDEF12345679 /* Tweak.m */ = {isa = PBXFileReference; lastKnownFileType = sourcecode.c.objc; path = Tweak.m; sourceTree = "<group>"; };
    1234567890ABCDEF1234567A /* DeviceWare.xcodeproj */ = {isa = PBXFileReference; lastKnownFileType = wrapper.pb-project; path = DeviceWare.xcodeproj; sourceTree = "<group>"; };
/* End PBXFileReference section */

/* Begin PBXGroup section */
    1234567890ABCDEF1234567B = {
      isa = PBXGroup;
      children = (
        1234567890ABCDEF12345679 /* Tweak.m */,
        1234567890ABCDEF1234567A /* DeviceWare.xcodeproj */,
      );
      path = "";
      sourceTree = "<group>";
    };
/* End PBXGroup section */

/* Begin PBXNativeTarget section */
    1234567890ABCDEF1234567C = {
      isa = PBXNativeTarget;
      buildConfigurationList = 1234567890ABCDEF1234567D /* Build configuration list for PBXNativeTarget "DeviceWare" */;
      buildPhases = (
        1234567890ABCDEF1234567E /* Sources */,
      );
      buildRules = (
      );
      dependencies = (
      );
      name = DeviceWare;
      productName = DeviceWare;
      productType = "com.apple.product-type.tool";
    };
/* End PBXNativeTarget section */

/* Begin PBXSourcesBuildPhase section */
    1234567890ABCDEF1234567E = {
      isa = PBXSourcesBuildPhase;
      buildActionMask = 2147483647;
      files = (
        1234567890ABCDEF12345678 /* Tweak.m in Sources */,
      );
    };
/* End PBXSourcesBuildPhase section */

/* Begin XCBuildConfiguration section */
    1234567890ABCDEF1234567D = {
      isa = XCBuildConfiguration;
      buildSettings = {
        ARCHS = arm64;
        CLANG_ENABLE_OBJC_ARC = YES;
        SDKROOT = iphoneos;
        VALID_ARCHS = arm64 arm64e;
        PRODUCT_NAME = DeviceWare;
      };
      name = Release;
    };
/* End XCBuildConfiguration section */

/* Begin XCConfigurationList section */
    1234567890ABCDEF1234567F = {
      isa = XCConfigurationList;
      buildConfigurations = (
        1234567890ABCDEF1234567D /* Release */,
      );
      defaultConfigurationName = Release;
    };
/* End XCConfigurationList section */

  };
  rootObject = 1234567890ABCDEF1234567B;
}
