// !$*UTF8*$!
{
  archiveVersion = 1;
  classes = {
  };
  objectVersion = 54;
  objects = {

/* Begin PBXBuildFile section */
    111111111111111111111111 /* Tweak.xm in Sources */ = {isa = PBXBuildFile; fileRef = 111111111111111111111112 /* Tweak.xm */; };
/* End PBXBuildFile section */

/* Begin PBXFileReference section */
    111111111111111111111112 /* Tweak.xm */ = {isa = PBXFileReference; lastKnownFileType = sourcecode.cpp.objcpp; path = Tweak.xm; sourceTree = "<group>"; };
    111111111111111111111113 /* DeviceWare.xcodeproj */ = {isa = PBXFileReference; lastKnownFileType = wrapper.pb-project; path = DeviceWare.xcodeproj; sourceTree = "<group>"; };
/* End PBXFileReference section */

/* Begin PBXGroup section */
    111111111111111111111114 = {
      isa = PBXGroup;
      children = (
        111111111111111111111112 /* Tweak.xm */,
        111111111111111111111113 /* DeviceWare.xcodeproj */,
      );
      path = "";
      sourceTree = "<group>";
    };
/* End PBXGroup section */

/* Begin PBXNativeTarget section */
    111111111111111111111115 = {
      isa = PBXNativeTarget;
      buildConfigurationList = 111111111111111111111116 /* Build configuration list for PBXNativeTarget "DeviceWare" */;
      buildPhases = (
        111111111111111111111117 /* Sources */,
      );
      buildRules = (
      );
      dependencies = (
      );
      name = DeviceWare;
      productName = DeviceWare;
      productType = "com.apple.product-type.tool";
    };
/* End PBXNativeTarget section */

/* Begin PBXSourcesBuildPhase section */
    111111111111111111111117 = {
      isa = PBXSourcesBuildPhase;
      buildActionMask = 2147483647;
      files = (
        111111111111111111111111 /* Tweak.xm in Sources */,
      );
    };
/* End PBXSourcesBuildPhase section */

/* Begin XCBuildConfiguration section */
    111111111111111111111116 = {
      isa = XCBuildConfiguration;
      buildSettings = {
        ARCHS = arm64;
        CLANG_ENABLE_OBJC_ARC = YES;
        SDKROOT = iphoneos;
        VALID_ARCHS = arm64 arm64e;
        PRODUCT_NAME = DeviceWare;
      };
      name = Release;
    };
/* End XCBuildConfiguration section */

/* Begin XCConfigurationList section */
    111111111111111111111118 = {
      isa = XCConfigurationList;
      buildConfigurations = (
        111111111111111111111116 /* Release */,
      );
      defaultConfigurationName = Release;
    };
/* End XCConfigurationList section */

  };
  rootObject = 111111111111111111111114;
}
